
Microsoft Visual Studio Solution File, Format Version 12.00
# Visual Studio Version 17
VisualStudioVersion = 17.8.34309.116
MinimumVisualStudioVersion = 10.0.40219.1
Project("{FAE04EC0-301F-11D3-BF4B-00C04F79EFBC}") = "dotNetFramework", "dotNetFramework\dotNetFramework.csproj", "{ED1342B3-A6ED-40CD-938F-7175FCBABB67}"
EndProject
Global
	GlobalSection(SolutionConfigurationPlatforms) = preSolution
		Debug|Any CPU = Debug|Any CPU
		Release|Any CPU = Release|Any CPU
	EndGlobalSection
	GlobalSection(ProjectConfigurationPlatforms) = postSolution
		{ED1342B3-A6ED-40CD-938F-7175FCBABB67}.Debug|Any CPU.ActiveCfg = Debug|Any CPU
		{ED1342B3-A6ED-40CD-938F-7175FCBABB67}.Debug|Any CPU.Build.0 = Debug|Any CPU
		{ED1342B3-A6ED-40CD-938F-7175FCBABB67}.Release|Any CPU.ActiveCfg = Release|Any CPU
		{ED1342B3-A6ED-40CD-938F-7175FCBABB67}.Release|Any CPU.Build.0 = Release|Any CPU
	EndGlobalSection
	GlobalSection(SolutionProperties) = preSolution
		HideSolutionNode = FALSE
	EndGlobalSection
	GlobalSection(ExtensibilityGlobals) = postSolution
		SolutionGuid = {AC56579F-745E-4483-8E5F-93A056658DF5}
	EndGlobalSection
EndGlobal
